// !$*UTF8*$!
{
	archiveVersion = 1;
	classes = {
	};
	objectVersion = 56;
	objects = {

/* Begin PBXBuildFile section */
		D90D1EF22C47B282004AA48F /* ViewModel.swift in Sources */ = {isa = PBXBuildFile; fileRef = D90D1EF12C47B282004AA48F /* ViewModel.swift */; };
		D90D1EF52C47B2AF004AA48F /* sUserDefaultsNaming.swift in Sources */ = {isa = PBXBuildFile; fileRef = D90D1EF42C47B2AF004AA48F /* sUserDefaultsNaming.swift */; };
		D90D1EF72C47B2D9004AA48F /* sReadingGoal.swift in Sources */ = {isa = PBXBuildFile; fileRef = D90D1EF62C47B2D9004AA48F /* sReadingGoal.swift */; };
		D90D1F0A2C47B324004AA48F /* sFolderCreationSheet.swift in Sources */ = {isa = PBXBuildFile; fileRef = D90D1EFA2C47B324004AA48F /* sFolderCreationSheet.swift */; };
		D90D1F0B2C47B324004AA48F /* sNoteBlockViewOld.swift in Sources */ = {isa = PBXBuildFile; fileRef = D90D1EFC2C47B324004AA48F /* sNoteBlockViewOld.swift */; };
		D90D1F0C2C47B324004AA48F /* sFolderSelection.swift in Sources */ = {isa = PBXBuildFile; fileRef = D90D1EFD2C47B324004AA48F /* sFolderSelection.swift */; };
		D90D1F0D2C47B324004AA48F /* sNoteSelection.swift in Sources */ = {isa = PBXBuildFile; fileRef = D90D1EFE2C47B324004AA48F /* sNoteSelection.swift */; };
		D90D1F0E2C47B324004AA48F /* sNoteViewOld.swift in Sources */ = {isa = PBXBuildFile; fileRef = D90D1EFF2C47B324004AA48F /* sNoteViewOld.swift */; };
		D90D1F0F2C47B324004AA48F /* sNoteBlockContent.swift in Sources */ = {isa = PBXBuildFile; fileRef = D90D1F002C47B324004AA48F /* sNoteBlockContent.swift */; };
		D90D1F102C47B324004AA48F /* sNoteCreationView.swift in Sources */ = {isa = PBXBuildFile; fileRef = D90D1F022C47B324004AA48F /* sNoteCreationView.swift */; };
		D90D1F112C47B324004AA48F /* sCollectionOfNoteBlocks.swift in Sources */ = {isa = PBXBuildFile; fileRef = D90D1F032C47B324004AA48F /* sCollectionOfNoteBlocks.swift */; };
		D90D1F122C47B324004AA48F /* sNoteView.swift in Sources */ = {isa = PBXBuildFile; fileRef = D90D1F042C47B324004AA48F /* sNoteView.swift */; };
		D90D1F132C47B324004AA48F /* cClock.swift in Sources */ = {isa = PBXBuildFile; fileRef = D90D1F062C47B324004AA48F /* cClock.swift */; };
		D90D1F142C47B324004AA48F /* sNoteBlock.swift in Sources */ = {isa = PBXBuildFile; fileRef = D90D1F072C47B324004AA48F /* sNoteBlock.swift */; };
		D90D1F152C47B324004AA48F /* cCountdownTimer.swift in Sources */ = {isa = PBXBuildFile; fileRef = D90D1F082C47B324004AA48F /* cCountdownTimer.swift */; };
		D90D1F162C47B324004AA48F /* sFolderView.swift in Sources */ = {isa = PBXBuildFile; fileRef = D90D1F092C47B324004AA48F /* sFolderView.swift */; };
		D90D1F2F2C47B7D6004AA48F /* BadgeViewModel.swift in Sources */ = {isa = PBXBuildFile; fileRef = D90D1F2E2C47B7D6004AA48F /* BadgeViewModel.swift */; };
		D90D1F3C2C47B89C004AA48F /* BadgesCollection.swift in Sources */ = {isa = PBXBuildFile; fileRef = D90D1F312C47B89C004AA48F /* BadgesCollection.swift */; };
		D90D1F3D2C47B89C004AA48F /* FolderList.swift in Sources */ = {isa = PBXBuildFile; fileRef = D90D1F322C47B89C004AA48F /* FolderList.swift */; };
		D90D1F3E2C47B89C004AA48F /* BottomNavBar.swift in Sources */ = {isa = PBXBuildFile; fileRef = D90D1F332C47B89C004AA48F /* BottomNavBar.swift */; };
		D90D1F3F2C47B89C004AA48F /* OverviewChartView.swift in Sources */ = {isa = PBXBuildFile; fileRef = D90D1F342C47B89C004AA48F /* OverviewChartView.swift */; };
		D90D1F402C47B89C004AA48F /* ReadingTimeOnboarding.swift in Sources */ = {isa = PBXBuildFile; fileRef = D90D1F352C47B89C004AA48F /* ReadingTimeOnboarding.swift */; };
		D90D1F412C47B89C004AA48F /* DailySalesChart.swift in Sources */ = {isa = PBXBuildFile; fileRef = D90D1F362C47B89C004AA48F /* DailySalesChart.swift */; };
		D90D1F422C47B89C004AA48F /* Badges.swift in Sources */ = {isa = PBXBuildFile; fileRef = D90D1F372C47B89C004AA48F /* Badges.swift */; };
		D90D1F432C47B89C004AA48F /* TestChart.swift in Sources */ = {isa = PBXBuildFile; fileRef = D90D1F382C47B89C004AA48F /* TestChart.swift */; };
		D90D1F442C47B89C004AA48F /* MonthlySalesChart.swift in Sources */ = {isa = PBXBuildFile; fileRef = D90D1F392C47B89C004AA48F /* MonthlySalesChart.swift */; };
		D90D1F452C47B89C004AA48F /* WeeklySalesChart.swift in Sources */ = {isa = PBXBuildFile; fileRef = D90D1F3A2C47B89C004AA48F /* WeeklySalesChart.swift */; };
		D90D1F462C47B89C004AA48F /* YourReadingGoal.swift in Sources */ = {isa = PBXBuildFile; fileRef = D90D1F3B2C47B89C004AA48F /* YourReadingGoal.swift */; };
		D90D1F4D2C47B97A004AA48F /* BadgeCollectionView.swift in Sources */ = {isa = PBXBuildFile; fileRef = D90D1F472C47B97A004AA48F /* BadgeCollectionView.swift */; };
		D90D1F4E2C47B97A004AA48F /* ReadingGoalView.swift in Sources */ = {isa = PBXBuildFile; fileRef = D90D1F482C47B97A004AA48F /* ReadingGoalView.swift */; };
		D90D1F4F2C47B97A004AA48F /* SharedBadgesView.swift in Sources */ = {isa = PBXBuildFile; fileRef = D90D1F492C47B97A004AA48F /* SharedBadgesView.swift */; };
		D90D1F502C47B97A004AA48F /* SharedImageView.swift in Sources */ = {isa = PBXBuildFile; fileRef = D90D1F4A2C47B97A004AA48F /* SharedImageView.swift */; };
		D90D1F512C47B97A004AA48F /* ShareView.swift in Sources */ = {isa = PBXBuildFile; fileRef = D90D1F4B2C47B97A004AA48F /* ShareView.swift */; };
		D90D1F542C47BA89004AA48F /* eNoteBlockPreset.swift in Sources */ = {isa = PBXBuildFile; fileRef = D90D1F532C47BA89004AA48F /* eNoteBlockPreset.swift */; };
		D90D1F562C47BB67004AA48F /* BadgeModel.swift in Sources */ = {isa = PBXBuildFile; fileRef = D90D1F552C47BB67004AA48F /* BadgeModel.swift */; };
		D90D1F582C47BBBB004AA48F /* sBackgroundForegroundColorSet.swift in Sources */ = {isa = PBXBuildFile; fileRef = D90D1F572C47BBBB004AA48F /* sBackgroundForegroundColorSet.swift */; };
		D90D1F5A2C47BD9D004AA48F /* cNote.swift in Sources */ = {isa = PBXBuildFile; fileRef = D90D1F592C47BD9D004AA48F /* cNote.swift */; };
		D90D1F5D2C47BE39004AA48F /* cNoteParagraph.swift in Sources */ = {isa = PBXBuildFile; fileRef = D90D1F5C2C47BE39004AA48F /* cNoteParagraph.swift */; };
		D90D1F5F2C47BE8C004AA48F /* cFolder.swift in Sources */ = {isa = PBXBuildFile; fileRef = D90D1F5E2C47BE8C004AA48F /* cFolder.swift */; };
		D90D1F612C47BEF4004AA48F /* sNoteAccessRecord.swift in Sources */ = {isa = PBXBuildFile; fileRef = D90D1F602C47BEF4004AA48F /* sNoteAccessRecord.swift */; };
		D90D1F652C47C0A3004AA48F /* sNoteBlockStyle.swift in Sources */ = {isa = PBXBuildFile; fileRef = D90D1F642C47C0A3004AA48F /* sNoteBlockStyle.swift */; };
		D9E676D82C456B960054A8CC /* sAppConfig.swift in Sources */ = {isa = PBXBuildFile; fileRef = D9E676B32C456B960054A8CC /* sAppConfig.swift */; };
		D9E676D92C456B960054A8CC /* sUIConfig.swift in Sources */ = {isa = PBXBuildFile; fileRef = D9E676B42C456B960054A8CC /* sUIConfig.swift */; };
		D9E676DA2C456B960054A8CC /* fDebug.swift in Sources */ = {isa = PBXBuildFile; fileRef = D9E676B62C456B960054A8CC /* fDebug.swift */; };
		D9E676DB2C456B960054A8CC /* Localizable.xcstrings in Resources */ = {isa = PBXBuildFile; fileRef = D9E676B82C456B960054A8CC /* Localizable.xcstrings */; };
		D9E676DC2C456B960054A8CC /* Colors.xcassets in Resources */ = {isa = PBXBuildFile; fileRef = D9E676B92C456B960054A8CC /* Colors.xcassets */; };
		D9E676DD2C456B960054A8CC /* OnboardingViewModel.swift in Sources */ = {isa = PBXBuildFile; fileRef = D9E676BB2C456B960054A8CC /* OnboardingViewModel.swift */; };
		D9E676DE2C456B960054A8CC /* Data.swift in Sources */ = {isa = PBXBuildFile; fileRef = D9E676BC2C456B960054A8CC /* Data.swift */; };
		D9E676DF2C456B960054A8CC /* Assets.xcassets in Resources */ = {isa = PBXBuildFile; fileRef = D9E676BD2C456B960054A8CC /* Assets.xcassets */; };
		D9E676E82C456B960054A8CC /* Preview Assets.xcassets in Resources */ = {isa = PBXBuildFile; fileRef = D9E676C92C456B960054A8CC /* Preview Assets.xcassets */; };
		D9E676E92C456B960054A8CC /* xLogger.swift in Sources */ = {isa = PBXBuildFile; fileRef = D9E676CB2C456B960054A8CC /* xLogger.swift */; };
		D9E676EA2C456B960054A8CC /* xBundle.swift in Sources */ = {isa = PBXBuildFile; fileRef = D9E676CC2C456B960054A8CC /* xBundle.swift */; };
		D9E676EB2C456B960054A8CC /* xColor.swift in Sources */ = {isa = PBXBuildFile; fileRef = D9E676CD2C456B960054A8CC /* xColor.swift */; };
		D9E676EC2C456B960054A8CC /* OnboardingModel.swift in Sources */ = {isa = PBXBuildFile; fileRef = D9E676CF2C456B960054A8CC /* OnboardingModel.swift */; };
		D9E676ED2C456B960054A8CC /* ChartView.swift in Sources */ = {isa = PBXBuildFile; fileRef = D9E676D12C456B960054A8CC /* ChartView.swift */; };
		D9E676EF2C456B960054A8CC /* OnboardingView.swift in Sources */ = {isa = PBXBuildFile; fileRef = D9E676D32C456B960054A8CC /* OnboardingView.swift */; };
		D9E676F02C456B960054A8CC /* Utils.swift in Sources */ = {isa = PBXBuildFile; fileRef = D9E676D52C456B960054A8CC /* Utils.swift */; };
		D9E676F12C456B960054A8CC /* ContentView.swift in Sources */ = {isa = PBXBuildFile; fileRef = D9E676D62C456B960054A8CC /* ContentView.swift */; };
		D9E676F22C456B960054A8CC /* nano_challenge_3App.swift in Sources */ = {isa = PBXBuildFile; fileRef = D9E676D72C456B960054A8CC /* nano_challenge_3App.swift */; };
/* End PBXBuildFile section */

/* Begin PBXFileReference section */
		D90D1EF12C47B282004AA48F /* ViewModel.swift */ = {isa = PBXFileReference; fileEncoding = 4; lastKnownFileType = sourcecode.swift; path = ViewModel.swift; sourceTree = "<group>"; };
		D90D1EF42C47B2AF004AA48F /* sUserDefaultsNaming.swift */ = {isa = PBXFileReference; fileEncoding = 4; lastKnownFileType = sourcecode.swift; path = sUserDefaultsNaming.swift; sourceTree = "<group>"; };
		D90D1EF62C47B2D9004AA48F /* sReadingGoal.swift */ = {isa = PBXFileReference; fileEncoding = 4; lastKnownFileType = sourcecode.swift; path = sReadingGoal.swift; sourceTree = "<group>"; };
		D90D1EFA2C47B324004AA48F /* sFolderCreationSheet.swift */ = {isa = PBXFileReference; fileEncoding = 4; lastKnownFileType = sourcecode.swift; path = sFolderCreationSheet.swift; sourceTree = "<group>"; };
		D90D1EFC2C47B324004AA48F /* sNoteBlockViewOld.swift */ = {isa = PBXFileReference; fileEncoding = 4; lastKnownFileType = sourcecode.swift; path = sNoteBlockViewOld.swift; sourceTree = "<group>"; };
		D90D1EFD2C47B324004AA48F /* sFolderSelection.swift */ = {isa = PBXFileReference; fileEncoding = 4; lastKnownFileType = sourcecode.swift; path = sFolderSelection.swift; sourceTree = "<group>"; };
		D90D1EFE2C47B324004AA48F /* sNoteSelection.swift */ = {isa = PBXFileReference; fileEncoding = 4; lastKnownFileType = sourcecode.swift; path = sNoteSelection.swift; sourceTree = "<group>"; };
		D90D1EFF2C47B324004AA48F /* sNoteViewOld.swift */ = {isa = PBXFileReference; fileEncoding = 4; lastKnownFileType = sourcecode.swift; path = sNoteViewOld.swift; sourceTree = "<group>"; };
		D90D1F002C47B324004AA48F /* sNoteBlockContent.swift */ = {isa = PBXFileReference; fileEncoding = 4; lastKnownFileType = sourcecode.swift; path = sNoteBlockContent.swift; sourceTree = "<group>"; };
		D90D1F022C47B324004AA48F /* sNoteCreationView.swift */ = {isa = PBXFileReference; fileEncoding = 4; lastKnownFileType = sourcecode.swift; path = sNoteCreationView.swift; sourceTree = "<group>"; };
		D90D1F032C47B324004AA48F /* sCollectionOfNoteBlocks.swift */ = {isa = PBXFileReference; fileEncoding = 4; lastKnownFileType = sourcecode.swift; path = sCollectionOfNoteBlocks.swift; sourceTree = "<group>"; };
		D90D1F042C47B324004AA48F /* sNoteView.swift */ = {isa = PBXFileReference; fileEncoding = 4; lastKnownFileType = sourcecode.swift; path = sNoteView.swift; sourceTree = "<group>"; };
		D90D1F062C47B324004AA48F /* cClock.swift */ = {isa = PBXFileReference; fileEncoding = 4; lastKnownFileType = sourcecode.swift; path = cClock.swift; sourceTree = "<group>"; };
		D90D1F072C47B324004AA48F /* sNoteBlock.swift */ = {isa = PBXFileReference; fileEncoding = 4; lastKnownFileType = sourcecode.swift; path = sNoteBlock.swift; sourceTree = "<group>"; };
		D90D1F082C47B324004AA48F /* cCountdownTimer.swift */ = {isa = PBXFileReference; fileEncoding = 4; lastKnownFileType = sourcecode.swift; path = cCountdownTimer.swift; sourceTree = "<group>"; };
		D90D1F092C47B324004AA48F /* sFolderView.swift */ = {isa = PBXFileReference; fileEncoding = 4; lastKnownFileType = sourcecode.swift; path = sFolderView.swift; sourceTree = "<group>"; };
		D90D1F2E2C47B7D6004AA48F /* BadgeViewModel.swift */ = {isa = PBXFileReference; fileEncoding = 4; lastKnownFileType = sourcecode.swift; path = BadgeViewModel.swift; sourceTree = "<group>"; };
		D90D1F312C47B89C004AA48F /* BadgesCollection.swift */ = {isa = PBXFileReference; fileEncoding = 4; lastKnownFileType = sourcecode.swift; path = BadgesCollection.swift; sourceTree = "<group>"; };
		D90D1F322C47B89C004AA48F /* FolderList.swift */ = {isa = PBXFileReference; fileEncoding = 4; lastKnownFileType = sourcecode.swift; path = FolderList.swift; sourceTree = "<group>"; };
		D90D1F332C47B89C004AA48F /* BottomNavBar.swift */ = {isa = PBXFileReference; fileEncoding = 4; lastKnownFileType = sourcecode.swift; path = BottomNavBar.swift; sourceTree = "<group>"; };
		D90D1F342C47B89C004AA48F /* OverviewChartView.swift */ = {isa = PBXFileReference; fileEncoding = 4; lastKnownFileType = sourcecode.swift; path = OverviewChartView.swift; sourceTree = "<group>"; };
		D90D1F352C47B89C004AA48F /* ReadingTimeOnboarding.swift */ = {isa = PBXFileReference; fileEncoding = 4; lastKnownFileType = sourcecode.swift; path = ReadingTimeOnboarding.swift; sourceTree = "<group>"; };
		D90D1F362C47B89C004AA48F /* DailySalesChart.swift */ = {isa = PBXFileReference; fileEncoding = 4; lastKnownFileType = sourcecode.swift; path = DailySalesChart.swift; sourceTree = "<group>"; };
		D90D1F372C47B89C004AA48F /* Badges.swift */ = {isa = PBXFileReference; fileEncoding = 4; lastKnownFileType = sourcecode.swift; path = Badges.swift; sourceTree = "<group>"; };
		D90D1F382C47B89C004AA48F /* TestChart.swift */ = {isa = PBXFileReference; fileEncoding = 4; lastKnownFileType = sourcecode.swift; path = TestChart.swift; sourceTree = "<group>"; };
		D90D1F392C47B89C004AA48F /* MonthlySalesChart.swift */ = {isa = PBXFileReference; fileEncoding = 4; lastKnownFileType = sourcecode.swift; path = MonthlySalesChart.swift; sourceTree = "<group>"; };
		D90D1F3A2C47B89C004AA48F /* WeeklySalesChart.swift */ = {isa = PBXFileReference; fileEncoding = 4; lastKnownFileType = sourcecode.swift; path = WeeklySalesChart.swift; sourceTree = "<group>"; };
		D90D1F3B2C47B89C004AA48F /* YourReadingGoal.swift */ = {isa = PBXFileReference; fileEncoding = 4; lastKnownFileType = sourcecode.swift; path = YourReadingGoal.swift; sourceTree = "<group>"; };
		D90D1F472C47B97A004AA48F /* BadgeCollectionView.swift */ = {isa = PBXFileReference; fileEncoding = 4; lastKnownFileType = sourcecode.swift; path = BadgeCollectionView.swift; sourceTree = "<group>"; };
		D90D1F482C47B97A004AA48F /* ReadingGoalView.swift */ = {isa = PBXFileReference; fileEncoding = 4; lastKnownFileType = sourcecode.swift; path = ReadingGoalView.swift; sourceTree = "<group>"; };
		D90D1F492C47B97A004AA48F /* SharedBadgesView.swift */ = {isa = PBXFileReference; fileEncoding = 4; lastKnownFileType = sourcecode.swift; path = SharedBadgesView.swift; sourceTree = "<group>"; };
		D90D1F4A2C47B97A004AA48F /* SharedImageView.swift */ = {isa = PBXFileReference; fileEncoding = 4; lastKnownFileType = sourcecode.swift; path = SharedImageView.swift; sourceTree = "<group>"; };
		D90D1F4B2C47B97A004AA48F /* ShareView.swift */ = {isa = PBXFileReference; fileEncoding = 4; lastKnownFileType = sourcecode.swift; path = ShareView.swift; sourceTree = "<group>"; };
		D90D1F532C47BA89004AA48F /* eNoteBlockPreset.swift */ = {isa = PBXFileReference; fileEncoding = 4; lastKnownFileType = sourcecode.swift; path = eNoteBlockPreset.swift; sourceTree = "<group>"; };
		D90D1F552C47BB67004AA48F /* BadgeModel.swift */ = {isa = PBXFileReference; fileEncoding = 4; lastKnownFileType = sourcecode.swift; path = BadgeModel.swift; sourceTree = "<group>"; };
		D90D1F572C47BBBB004AA48F /* sBackgroundForegroundColorSet.swift */ = {isa = PBXFileReference; fileEncoding = 4; lastKnownFileType = sourcecode.swift; path = sBackgroundForegroundColorSet.swift; sourceTree = "<group>"; };
		D90D1F592C47BD9D004AA48F /* cNote.swift */ = {isa = PBXFileReference; fileEncoding = 4; lastKnownFileType = sourcecode.swift; name = cNote.swift; path = "nano-challenge-3/Models/Folders/Notes/cNote.swift"; sourceTree = SOURCE_ROOT; };
		D90D1F5C2C47BE39004AA48F /* cNoteParagraph.swift */ = {isa = PBXFileReference; fileEncoding = 4; lastKnownFileType = sourcecode.swift; path = cNoteParagraph.swift; sourceTree = "<group>"; };
		D90D1F5E2C47BE8C004AA48F /* cFolder.swift */ = {isa = PBXFileReference; fileEncoding = 4; lastKnownFileType = sourcecode.swift; path = cFolder.swift; sourceTree = "<group>"; };
		D90D1F602C47BEF4004AA48F /* sNoteAccessRecord.swift */ = {isa = PBXFileReference; fileEncoding = 4; lastKnownFileType = sourcecode.swift; path = sNoteAccessRecord.swift; sourceTree = "<group>"; };
		D90D1F642C47C0A3004AA48F /* sNoteBlockStyle.swift */ = {isa = PBXFileReference; fileEncoding = 4; lastKnownFileType = sourcecode.swift; path = sNoteBlockStyle.swift; sourceTree = "<group>"; };
		D9E676B32C456B960054A8CC /* sAppConfig.swift */ = {isa = PBXFileReference; fileEncoding = 4; lastKnownFileType = sourcecode.swift; path = sAppConfig.swift; sourceTree = "<group>"; };
		D9E676B42C456B960054A8CC /* sUIConfig.swift */ = {isa = PBXFileReference; fileEncoding = 4; lastKnownFileType = sourcecode.swift; path = sUIConfig.swift; sourceTree = "<group>"; };
		D9E676B62C456B960054A8CC /* fDebug.swift */ = {isa = PBXFileReference; fileEncoding = 4; lastKnownFileType = sourcecode.swift; path = fDebug.swift; sourceTree = "<group>"; };
		D9E676B82C456B960054A8CC /* Localizable.xcstrings */ = {isa = PBXFileReference; fileEncoding = 4; lastKnownFileType = text.json.xcstrings; path = Localizable.xcstrings; sourceTree = "<group>"; };
		D9E676B92C456B960054A8CC /* Colors.xcassets */ = {isa = PBXFileReference; lastKnownFileType = folder.assetcatalog; path = Colors.xcassets; sourceTree = "<group>"; };
		D9E676BB2C456B960054A8CC /* OnboardingViewModel.swift */ = {isa = PBXFileReference; fileEncoding = 4; lastKnownFileType = sourcecode.swift; path = OnboardingViewModel.swift; sourceTree = "<group>"; };
		D9E676BC2C456B960054A8CC /* Data.swift */ = {isa = PBXFileReference; fileEncoding = 4; lastKnownFileType = sourcecode.swift; path = Data.swift; sourceTree = "<group>"; };
		D9E676BD2C456B960054A8CC /* Assets.xcassets */ = {isa = PBXFileReference; lastKnownFileType = folder.assetcatalog; path = Assets.xcassets; sourceTree = "<group>"; };
		D9E676C92C456B960054A8CC /* Preview Assets.xcassets */ = {isa = PBXFileReference; lastKnownFileType = folder.assetcatalog; path = "Preview Assets.xcassets"; sourceTree = "<group>"; };
		D9E676CB2C456B960054A8CC /* xLogger.swift */ = {isa = PBXFileReference; fileEncoding = 4; lastKnownFileType = sourcecode.swift; path = xLogger.swift; sourceTree = "<group>"; };
		D9E676CC2C456B960054A8CC /* xBundle.swift */ = {isa = PBXFileReference; fileEncoding = 4; lastKnownFileType = sourcecode.swift; path = xBundle.swift; sourceTree = "<group>"; };
		D9E676CD2C456B960054A8CC /* xColor.swift */ = {isa = PBXFileReference; fileEncoding = 4; lastKnownFileType = sourcecode.swift; path = xColor.swift; sourceTree = "<group>"; };
		D9E676CF2C456B960054A8CC /* OnboardingModel.swift */ = {isa = PBXFileReference; fileEncoding = 4; lastKnownFileType = sourcecode.swift; path = OnboardingModel.swift; sourceTree = "<group>"; };
		D9E676D12C456B960054A8CC /* ChartView.swift */ = {isa = PBXFileReference; fileEncoding = 4; lastKnownFileType = sourcecode.swift; path = ChartView.swift; sourceTree = "<group>"; };
		D9E676D32C456B960054A8CC /* OnboardingView.swift */ = {isa = PBXFileReference; fileEncoding = 4; lastKnownFileType = sourcecode.swift; path = OnboardingView.swift; sourceTree = "<group>"; };
		D9E676D52C456B960054A8CC /* Utils.swift */ = {isa = PBXFileReference; fileEncoding = 4; lastKnownFileType = sourcecode.swift; path = Utils.swift; sourceTree = "<group>"; };
		D9E676D62C456B960054A8CC /* ContentView.swift */ = {isa = PBXFileReference; fileEncoding = 4; lastKnownFileType = sourcecode.swift; path = ContentView.swift; sourceTree = "<group>"; };
		D9E676D72C456B960054A8CC /* nano_challenge_3App.swift */ = {isa = PBXFileReference; fileEncoding = 4; lastKnownFileType = sourcecode.swift; path = nano_challenge_3App.swift; sourceTree = "<group>"; };
		D9EF2B972C3FE428009B044A /* nano-challenge-3.app */ = {isa = PBXFileReference; explicitFileType = wrapper.application; includeInIndex = 0; path = "nano-challenge-3.app"; sourceTree = BUILT_PRODUCTS_DIR; };
/* End PBXFileReference section */

/* Begin PBXFrameworksBuildPhase section */
		D9EF2B942C3FE428009B044A /* Frameworks */ = {
			isa = PBXFrameworksBuildPhase;
			buildActionMask = 2147483647;
			files = (
			);
			runOnlyForDeploymentPostprocessing = 0;
		};
/* End PBXFrameworksBuildPhase section */

/* Begin PBXGroup section */
		D90D1EDE2C47B1F5004AA48F /* Folders */ = {
			isa = PBXGroup;
			children = (
				D90D1F5E2C47BE8C004AA48F /* cFolder.swift */,
				D90D1EDF2C47B1F5004AA48F /* Notes */,
			);
			path = Folders;
			sourceTree = "<group>";
		};
		D90D1EDF2C47B1F5004AA48F /* Notes */ = {
			isa = PBXGroup;
			children = (
				D90D1F602C47BEF4004AA48F /* sNoteAccessRecord.swift */,
				D90D1F592C47BD9D004AA48F /* cNote.swift */,
				D90D1EE12C47B1F5004AA48F /* Paragraphs */,
			);
			path = Notes;
			sourceTree = "<group>";
		};
		D90D1EE12C47B1F5004AA48F /* Paragraphs */ = {
			isa = PBXGroup;
			children = (
				D90D1F642C47C0A3004AA48F /* sNoteBlockStyle.swift */,
				D90D1F5C2C47BE39004AA48F /* cNoteParagraph.swift */,
				D90D1F572C47BBBB004AA48F /* sBackgroundForegroundColorSet.swift */,
				D90D1F532C47BA89004AA48F /* eNoteBlockPreset.swift */,
			);
			path = Paragraphs;
			sourceTree = "<group>";
		};
		D90D1EF02C47B282004AA48F /* DataAccess */ = {
			isa = PBXGroup;
			children = (
				D90D1EF12C47B282004AA48F /* ViewModel.swift */,
			);
			path = DataAccess;
			sourceTree = "<group>";
		};
		D90D1EF32C47B2AF004AA48F /* Constants */ = {
			isa = PBXGroup;
			children = (
				D90D1EF42C47B2AF004AA48F /* sUserDefaultsNaming.swift */,
			);
			path = Constants;
			sourceTree = "<group>";
		};
		D90D1EF82C47B324004AA48F /* Views */ = {
			isa = PBXGroup;
			children = (
				D90D1EF92C47B324004AA48F /* Presenters */,
				D90D1EFB2C47B324004AA48F /* Components */,
				D90D1F012C47B324004AA48F /* new */,
			);
			path = Views;
			sourceTree = "<group>";
		};
		D90D1EF92C47B324004AA48F /* Presenters */ = {
			isa = PBXGroup;
			children = (
				D90D1EFA2C47B324004AA48F /* sFolderCreationSheet.swift */,
			);
			path = Presenters;
			sourceTree = "<group>";
		};
		D90D1EFB2C47B324004AA48F /* Components */ = {
			isa = PBXGroup;
			children = (
				D90D1EFC2C47B324004AA48F /* sNoteBlockViewOld.swift */,
				D90D1EFD2C47B324004AA48F /* sFolderSelection.swift */,
				D90D1EFE2C47B324004AA48F /* sNoteSelection.swift */,
				D90D1EFF2C47B324004AA48F /* sNoteViewOld.swift */,
				D90D1F002C47B324004AA48F /* sNoteBlockContent.swift */,
			);
			path = Components;
			sourceTree = "<group>";
		};
		D90D1F012C47B324004AA48F /* new */ = {
			isa = PBXGroup;
			children = (
				D90D1F022C47B324004AA48F /* sNoteCreationView.swift */,
				D90D1F032C47B324004AA48F /* sCollectionOfNoteBlocks.swift */,
				D90D1F042C47B324004AA48F /* sNoteView.swift */,
				D90D1F052C47B324004AA48F /* Components */,
				D90D1F092C47B324004AA48F /* sFolderView.swift */,
			);
			path = new;
			sourceTree = "<group>";
		};
		D90D1F052C47B324004AA48F /* Components */ = {
			isa = PBXGroup;
			children = (
				D90D1F062C47B324004AA48F /* cClock.swift */,
				D90D1F072C47B324004AA48F /* sNoteBlock.swift */,
				D90D1F082C47B324004AA48F /* cCountdownTimer.swift */,
			);
			path = Components;
			sourceTree = "<group>";
		};
		D90D1F302C47B89C004AA48F /* Component */ = {
			isa = PBXGroup;
			children = (
				D90D1F312C47B89C004AA48F /* BadgesCollection.swift */,
				D90D1F322C47B89C004AA48F /* FolderList.swift */,
				D90D1F332C47B89C004AA48F /* BottomNavBar.swift */,
				D90D1F342C47B89C004AA48F /* OverviewChartView.swift */,
				D90D1F352C47B89C004AA48F /* ReadingTimeOnboarding.swift */,
				D90D1F362C47B89C004AA48F /* DailySalesChart.swift */,
				D90D1F372C47B89C004AA48F /* Badges.swift */,
				D90D1F382C47B89C004AA48F /* TestChart.swift */,
				D90D1F392C47B89C004AA48F /* MonthlySalesChart.swift */,
				D90D1F3A2C47B89C004AA48F /* WeeklySalesChart.swift */,
				D90D1F3B2C47B89C004AA48F /* YourReadingGoal.swift */,
			);
			path = Component;
			sourceTree = "<group>";
		};
		D9E676B02C456B960054A8CC /* nano-challenge-3 */ = {
			isa = PBXGroup;
			children = (
				D90D1EF82C47B324004AA48F /* Views */,
				D9E676B12C456B960054A8CC /* Globals */,
				D9E676BA2C456B960054A8CC /* ViewModel */,
				D9E676BD2C456B960054A8CC /* Assets.xcassets */,
				D90D1EF02C47B282004AA48F /* DataAccess */,
				D9E676BE2C456B960054A8CC /* Models */,
				D9E676C82C456B960054A8CC /* Preview Content */,
				D9E676CA2C456B960054A8CC /* Extensions */,
				D9E676CE2C456B960054A8CC /* Model */,
				D9E676D02C456B960054A8CC /* View */,
				D9E676BC2C456B960054A8CC /* Data.swift */,
				D9E676D52C456B960054A8CC /* Utils.swift */,
				D9E676D62C456B960054A8CC /* ContentView.swift */,
				D9E676D72C456B960054A8CC /* nano_challenge_3App.swift */,
			);
			path = "nano-challenge-3";
			sourceTree = "<group>";
		};
		D9E676B12C456B960054A8CC /* Globals */ = {
			isa = PBXGroup;
			children = (
				D90D1EF32C47B2AF004AA48F /* Constants */,
				D9E676B22C456B960054A8CC /* Configs */,
				D9E676B52C456B960054A8CC /* Functions */,
				D9E676B72C456B960054A8CC /* SupportingFiles */,
			);
			path = Globals;
			sourceTree = "<group>";
		};
		D9E676B22C456B960054A8CC /* Configs */ = {
			isa = PBXGroup;
			children = (
				D9E676B32C456B960054A8CC /* sAppConfig.swift */,
				D9E676B42C456B960054A8CC /* sUIConfig.swift */,
			);
			path = Configs;
			sourceTree = "<group>";
		};
		D9E676B52C456B960054A8CC /* Functions */ = {
			isa = PBXGroup;
			children = (
				D9E676B62C456B960054A8CC /* fDebug.swift */,
			);
			path = Functions;
			sourceTree = "<group>";
		};
		D9E676B72C456B960054A8CC /* SupportingFiles */ = {
			isa = PBXGroup;
			children = (
				D9E676B82C456B960054A8CC /* Localizable.xcstrings */,
				D9E676B92C456B960054A8CC /* Colors.xcassets */,
			);
			path = SupportingFiles;
			sourceTree = "<group>";
		};
		D9E676BA2C456B960054A8CC /* ViewModel */ = {
			isa = PBXGroup;
			children = (
				D90D1F2E2C47B7D6004AA48F /* BadgeViewModel.swift */,
				D9E676BB2C456B960054A8CC /* OnboardingViewModel.swift */,
			);
			path = ViewModel;
			sourceTree = "<group>";
		};
		D9E676BE2C456B960054A8CC /* Models */ = {
			isa = PBXGroup;
			children = (
				D90D1EF62C47B2D9004AA48F /* sReadingGoal.swift */,
				D90D1EDE2C47B1F5004AA48F /* Folders */,
			);
			path = Models;
			sourceTree = "<group>";
		};
		D9E676C82C456B960054A8CC /* Preview Content */ = {
			isa = PBXGroup;
			children = (
				D9E676C92C456B960054A8CC /* Preview Assets.xcassets */,
			);
			path = "Preview Content";
			sourceTree = "<group>";
		};
		D9E676CA2C456B960054A8CC /* Extensions */ = {
			isa = PBXGroup;
			children = (
				D9E676CB2C456B960054A8CC /* xLogger.swift */,
				D9E676CC2C456B960054A8CC /* xBundle.swift */,
				D9E676CD2C456B960054A8CC /* xColor.swift */,
			);
			path = Extensions;
			sourceTree = "<group>";
		};
		D9E676CE2C456B960054A8CC /* Model */ = {
			isa = PBXGroup;
			children = (
				D90D1F552C47BB67004AA48F /* BadgeModel.swift */,
				D9E676CF2C456B960054A8CC /* OnboardingModel.swift */,
			);
			path = Model;
			sourceTree = "<group>";
		};
		D9E676D02C456B960054A8CC /* View */ = {
			isa = PBXGroup;
			children = (
				D90D1F472C47B97A004AA48F /* BadgeCollectionView.swift */,
				D90D1F482C47B97A004AA48F /* ReadingGoalView.swift */,
				D90D1F492C47B97A004AA48F /* SharedBadgesView.swift */,
				D90D1F4A2C47B97A004AA48F /* SharedImageView.swift */,
				D90D1F4B2C47B97A004AA48F /* ShareView.swift */,
				D90D1F302C47B89C004AA48F /* Component */,
				D9E676D32C456B960054A8CC /* OnboardingView.swift */,
				D9E676D12C456B960054A8CC /* ChartView.swift */,
			);
			path = View;
			sourceTree = "<group>";
		};
		D9EF2B8E2C3FE428009B044A = {
			isa = PBXGroup;
			children = (
				D9E676B02C456B960054A8CC /* nano-challenge-3 */,
				D9EF2B982C3FE428009B044A /* Products */,
			);
			sourceTree = "<group>";
		};
		D9EF2B982C3FE428009B044A /* Products */ = {
			isa = PBXGroup;
			children = (
				D9EF2B972C3FE428009B044A /* nano-challenge-3.app */,
			);
			name = Products;
			sourceTree = "<group>";
		};
/* End PBXGroup section */

/* Begin PBXNativeTarget section */
		D9EF2B962C3FE428009B044A /* nano-challenge-3 */ = {
			isa = PBXNativeTarget;
			buildConfigurationList = D9EF2BA52C3FE42A009B044A /* Build configuration list for PBXNativeTarget "nano-challenge-3" */;
			buildPhases = (
				D9EF2B932C3FE428009B044A /* Sources */,
				D9EF2B942C3FE428009B044A /* Frameworks */,
				D9EF2B952C3FE428009B044A /* Resources */,
			);
			buildRules = (
			);
			dependencies = (
			);
			name = "nano-challenge-3";
			productName = "nano-challenge-3";
			productReference = D9EF2B972C3FE428009B044A /* nano-challenge-3.app */;
			productType = "com.apple.product-type.application";
		};
/* End PBXNativeTarget section */

/* Begin PBXProject section */
		D9EF2B8F2C3FE428009B044A /* Project object */ = {
			isa = PBXProject;
			attributes = {
				BuildIndependentTargetsInParallel = 1;
				LastSwiftUpdateCheck = 1520;
				LastUpgradeCheck = 1520;
				TargetAttributes = {
					D9EF2B962C3FE428009B044A = {
						CreatedOnToolsVersion = 15.2;
					};
				};
			};
			buildConfigurationList = D9EF2B922C3FE428009B044A /* Build configuration list for PBXProject "nano-challenge-3" */;
			compatibilityVersion = "Xcode 14.0";
			developmentRegion = en;
			hasScannedForEncodings = 0;
			knownRegions = (
				en,
				Base,
			);
			mainGroup = D9EF2B8E2C3FE428009B044A;
			productRefGroup = D9EF2B982C3FE428009B044A /* Products */;
			projectDirPath = "";
			projectRoot = "";
			targets = (
				D9EF2B962C3FE428009B044A /* nano-challenge-3 */,
			);
		};
/* End PBXProject section */

/* Begin PBXResourcesBuildPhase section */
		D9EF2B952C3FE428009B044A /* Resources */ = {
			isa = PBXResourcesBuildPhase;
			buildActionMask = 2147483647;
			files = (
				D9E676DC2C456B960054A8CC /* Colors.xcassets in Resources */,
				D9E676DB2C456B960054A8CC /* Localizable.xcstrings in Resources */,
				D9E676E82C456B960054A8CC /* Preview Assets.xcassets in Resources */,
				D9E676DF2C456B960054A8CC /* Assets.xcassets in Resources */,
			);
			runOnlyForDeploymentPostprocessing = 0;
		};
/* End PBXResourcesBuildPhase section */

/* Begin PBXSourcesBuildPhase section */
		D9EF2B932C3FE428009B044A /* Sources */ = {
			isa = PBXSourcesBuildPhase;
			buildActionMask = 2147483647;
			files = (
				D90D1F2F2C47B7D6004AA48F /* BadgeViewModel.swift in Sources */,
				D90D1F412C47B89C004AA48F /* DailySalesChart.swift in Sources */,
				D90D1F162C47B324004AA48F /* sFolderView.swift in Sources */,
				D90D1F5A2C47BD9D004AA48F /* cNote.swift in Sources */,
				D90D1F3D2C47B89C004AA48F /* FolderList.swift in Sources */,
				D9E676ED2C456B960054A8CC /* ChartView.swift in Sources */,
				D90D1F0B2C47B324004AA48F /* sNoteBlockViewOld.swift in Sources */,
				D90D1F462C47B89C004AA48F /* YourReadingGoal.swift in Sources */,
				D90D1F512C47B97A004AA48F /* ShareView.swift in Sources */,
				D90D1F0F2C47B324004AA48F /* sNoteBlockContent.swift in Sources */,
				D90D1F542C47BA89004AA48F /* eNoteBlockPreset.swift in Sources */,
				D90D1F402C47B89C004AA48F /* ReadingTimeOnboarding.swift in Sources */,
				D90D1F452C47B89C004AA48F /* WeeklySalesChart.swift in Sources */,
				D90D1F142C47B324004AA48F /* sNoteBlock.swift in Sources */,
				D90D1F562C47BB67004AA48F /* BadgeModel.swift in Sources */,
				D9E676D82C456B960054A8CC /* sAppConfig.swift in Sources */,
				D90D1F122C47B324004AA48F /* sNoteView.swift in Sources */,
				D9E676D92C456B960054A8CC /* sUIConfig.swift in Sources */,
				D90D1F132C47B324004AA48F /* cClock.swift in Sources */,
				D90D1F0A2C47B324004AA48F /* sFolderCreationSheet.swift in Sources */,
				D9E676F02C456B960054A8CC /* Utils.swift in Sources */,
				D9E676E92C456B960054A8CC /* xLogger.swift in Sources */,
				D90D1F152C47B324004AA48F /* cCountdownTimer.swift in Sources */,
				D90D1F442C47B89C004AA48F /* MonthlySalesChart.swift in Sources */,
				D9E676F22C456B960054A8CC /* nano_challenge_3App.swift in Sources */,
				D90D1F4E2C47B97A004AA48F /* ReadingGoalView.swift in Sources */,
				D90D1F0C2C47B324004AA48F /* sFolderSelection.swift in Sources */,
				D90D1F612C47BEF4004AA48F /* sNoteAccessRecord.swift in Sources */,
				D90D1F112C47B324004AA48F /* sCollectionOfNoteBlocks.swift in Sources */,
				D90D1F652C47C0A3004AA48F /* sNoteBlockStyle.swift in Sources */,
				D90D1F3C2C47B89C004AA48F /* BadgesCollection.swift in Sources */,
				D90D1F3E2C47B89C004AA48F /* BottomNavBar.swift in Sources */,
				D90D1EF72C47B2D9004AA48F /* sReadingGoal.swift in Sources */,
				D90D1F5D2C47BE39004AA48F /* cNoteParagraph.swift in Sources */,
				D90D1F502C47B97A004AA48F /* SharedImageView.swift in Sources */,
				D9E676F12C456B960054A8CC /* ContentView.swift in Sources */,
				D9E676DE2C456B960054A8CC /* Data.swift in Sources */,
				D90D1F422C47B89C004AA48F /* Badges.swift in Sources */,
				D90D1F102C47B324004AA48F /* sNoteCreationView.swift in Sources */,
				D90D1EF22C47B282004AA48F /* ViewModel.swift in Sources */,
				D90D1EF52C47B2AF004AA48F /* sUserDefaultsNaming.swift in Sources */,
				D90D1F5F2C47BE8C004AA48F /* cFolder.swift in Sources */,
				D9E676EF2C456B960054A8CC /* OnboardingView.swift in Sources */,
				D90D1F4F2C47B97A004AA48F /* SharedBadgesView.swift in Sources */,
				D9E676EA2C456B960054A8CC /* xBundle.swift in Sources */,
				D9E676EB2C456B960054A8CC /* xColor.swift in Sources */,
				D90D1F0E2C47B324004AA48F /* sNoteViewOld.swift in Sources */,
				D90D1F432C47B89C004AA48F /* TestChart.swift in Sources */,
				D9E676DA2C456B960054A8CC /* fDebug.swift in Sources */,
				D9E676DD2C456B960054A8CC /* OnboardingViewModel.swift in Sources */,
				D90D1F4D2C47B97A004AA48F /* BadgeCollectionView.swift in Sources */,
				D90D1F0D2C47B324004AA48F /* sNoteSelection.swift in Sources */,
				D90D1F3F2C47B89C004AA48F /* OverviewChartView.swift in Sources */,
				D9E676EC2C456B960054A8CC /* OnboardingModel.swift in Sources */,
				D90D1F582C47BBBB004AA48F /* sBackgroundForegroundColorSet.swift in Sources */,
			);
			runOnlyForDeploymentPostprocessing = 0;
		};
/* End PBXSourcesBuildPhase section */

/* Begin XCBuildConfiguration section */
		D9EF2BA32C3FE42A009B044A /* Debug */ = {
			isa = XCBuildConfiguration;
			buildSettings = {
				ALWAYS_SEARCH_USER_PATHS = NO;
				ASSETCATALOG_COMPILER_GENERATE_SWIFT_ASSET_SYMBOL_EXTENSIONS = YES;
				CLANG_ANALYZER_NONNULL = YES;
				CLANG_ANALYZER_NUMBER_OBJECT_CONVERSION = YES_AGGRESSIVE;
				CLANG_CXX_LANGUAGE_STANDARD = "gnu++20";
				CLANG_ENABLE_MODULES = YES;
				CLANG_ENABLE_OBJC_ARC = YES;
				CLANG_ENABLE_OBJC_WEAK = YES;
				CLANG_WARN_BLOCK_CAPTURE_AUTORELEASING = YES;
				CLANG_WARN_BOOL_CONVERSION = YES;
				CLANG_WARN_COMMA = YES;
				CLANG_WARN_CONSTANT_CONVERSION = YES;
				CLANG_WARN_DEPRECATED_OBJC_IMPLEMENTATIONS = YES;
				CLANG_WARN_DIRECT_OBJC_ISA_USAGE = YES_ERROR;
				CLANG_WARN_DOCUMENTATION_COMMENTS = YES;
				CLANG_WARN_EMPTY_BODY = YES;
				CLANG_WARN_ENUM_CONVERSION = YES;
				CLANG_WARN_INFINITE_RECURSION = YES;
				CLANG_WARN_INT_CONVERSION = YES;
				CLANG_WARN_NON_LITERAL_NULL_CONVERSION = YES;
				CLANG_WARN_OBJC_IMPLICIT_RETAIN_SELF = YES;
				CLANG_WARN_OBJC_LITERAL_CONVERSION = YES;
				CLANG_WARN_OBJC_ROOT_CLASS = YES_ERROR;
				CLANG_WARN_QUOTED_INCLUDE_IN_FRAMEWORK_HEADER = YES;
				CLANG_WARN_RANGE_LOOP_ANALYSIS = YES;
				CLANG_WARN_STRICT_PROTOTYPES = YES;
				CLANG_WARN_SUSPICIOUS_MOVE = YES;
				CLANG_WARN_UNGUARDED_AVAILABILITY = YES_AGGRESSIVE;
				CLANG_WARN_UNREACHABLE_CODE = YES;
				CLANG_WARN__DUPLICATE_METHOD_MATCH = YES;
				COPY_PHASE_STRIP = NO;
				DEBUG_INFORMATION_FORMAT = dwarf;
				ENABLE_STRICT_OBJC_MSGSEND = YES;
				ENABLE_TESTABILITY = YES;
				ENABLE_USER_SCRIPT_SANDBOXING = YES;
				GCC_C_LANGUAGE_STANDARD = gnu17;
				GCC_DYNAMIC_NO_PIC = NO;
				GCC_NO_COMMON_BLOCKS = YES;
				GCC_OPTIMIZATION_LEVEL = 0;
				GCC_PREPROCESSOR_DEFINITIONS = (
					"DEBUG=1",
					"$(inherited)",
				);
				GCC_WARN_64_TO_32_BIT_CONVERSION = YES;
				GCC_WARN_ABOUT_RETURN_TYPE = YES_ERROR;
				GCC_WARN_UNDECLARED_SELECTOR = YES;
				GCC_WARN_UNINITIALIZED_AUTOS = YES_AGGRESSIVE;
				GCC_WARN_UNUSED_FUNCTION = YES;
				GCC_WARN_UNUSED_VARIABLE = YES;
				IPHONEOS_DEPLOYMENT_TARGET = 17.2;
				LOCALIZATION_PREFERS_STRING_CATALOGS = YES;
				MTL_ENABLE_DEBUG_INFO = INCLUDE_SOURCE;
				MTL_FAST_MATH = YES;
				ONLY_ACTIVE_ARCH = YES;
				SDKROOT = iphoneos;
				SWIFT_ACTIVE_COMPILATION_CONDITIONS = "DEBUG $(inherited)";
				SWIFT_OPTIMIZATION_LEVEL = "-Onone";
			};
			name = Debug;
		};
		D9EF2BA42C3FE42A009B044A /* Release */ = {
			isa = XCBuildConfiguration;
			buildSettings = {
				ALWAYS_SEARCH_USER_PATHS = NO;
				ASSETCATALOG_COMPILER_GENERATE_SWIFT_ASSET_SYMBOL_EXTENSIONS = YES;
				CLANG_ANALYZER_NONNULL = YES;
				CLANG_ANALYZER_NUMBER_OBJECT_CONVERSION = YES_AGGRESSIVE;
				CLANG_CXX_LANGUAGE_STANDARD = "gnu++20";
				CLANG_ENABLE_MODULES = YES;
				CLANG_ENABLE_OBJC_ARC = YES;
				CLANG_ENABLE_OBJC_WEAK = YES;
				CLANG_WARN_BLOCK_CAPTURE_AUTORELEASING = YES;
				CLANG_WARN_BOOL_CONVERSION = YES;
				CLANG_WARN_COMMA = YES;
				CLANG_WARN_CONSTANT_CONVERSION = YES;
				CLANG_WARN_DEPRECATED_OBJC_IMPLEMENTATIONS = YES;
				CLANG_WARN_DIRECT_OBJC_ISA_USAGE = YES_ERROR;
				CLANG_WARN_DOCUMENTATION_COMMENTS = YES;
				CLANG_WARN_EMPTY_BODY = YES;
				CLANG_WARN_ENUM_CONVERSION = YES;
				CLANG_WARN_INFINITE_RECURSION = YES;
				CLANG_WARN_INT_CONVERSION = YES;
				CLANG_WARN_NON_LITERAL_NULL_CONVERSION = YES;
				CLANG_WARN_OBJC_IMPLICIT_RETAIN_SELF = YES;
				CLANG_WARN_OBJC_LITERAL_CONVERSION = YES;
				CLANG_WARN_OBJC_ROOT_CLASS = YES_ERROR;
				CLANG_WARN_QUOTED_INCLUDE_IN_FRAMEWORK_HEADER = YES;
				CLANG_WARN_RANGE_LOOP_ANALYSIS = YES;
				CLANG_WARN_STRICT_PROTOTYPES = YES;
				CLANG_WARN_SUSPICIOUS_MOVE = YES;
				CLANG_WARN_UNGUARDED_AVAILABILITY = YES_AGGRESSIVE;
				CLANG_WARN_UNREACHABLE_CODE = YES;
				CLANG_WARN__DUPLICATE_METHOD_MATCH = YES;
				COPY_PHASE_STRIP = NO;
				DEBUG_INFORMATION_FORMAT = "dwarf-with-dsym";
				ENABLE_NS_ASSERTIONS = NO;
				ENABLE_STRICT_OBJC_MSGSEND = YES;
				ENABLE_USER_SCRIPT_SANDBOXING = YES;
				GCC_C_LANGUAGE_STANDARD = gnu17;
				GCC_NO_COMMON_BLOCKS = YES;
				GCC_WARN_64_TO_32_BIT_CONVERSION = YES;
				GCC_WARN_ABOUT_RETURN_TYPE = YES_ERROR;
				GCC_WARN_UNDECLARED_SELECTOR = YES;
				GCC_WARN_UNINITIALIZED_AUTOS = YES_AGGRESSIVE;
				GCC_WARN_UNUSED_FUNCTION = YES;
				GCC_WARN_UNUSED_VARIABLE = YES;
				IPHONEOS_DEPLOYMENT_TARGET = 17.2;
				LOCALIZATION_PREFERS_STRING_CATALOGS = YES;
				MTL_ENABLE_DEBUG_INFO = NO;
				MTL_FAST_MATH = YES;
				SDKROOT = iphoneos;
				SWIFT_COMPILATION_MODE = wholemodule;
				VALIDATE_PRODUCT = YES;
			};
			name = Release;
		};
		D9EF2BA62C3FE42A009B044A /* Debug */ = {
			isa = XCBuildConfiguration;
			buildSettings = {
				ASSETCATALOG_COMPILER_APPICON_NAME = AppIcon;
				ASSETCATALOG_COMPILER_GLOBAL_ACCENT_COLOR_NAME = AccentColor;
				CODE_SIGN_STYLE = Automatic;
				CURRENT_PROJECT_VERSION = 1;
				DEVELOPMENT_ASSET_PATHS = "\"nano-challenge-3/Preview Content\"";
				DEVELOPMENT_TEAM = 8DJ64TD7VC;
				ENABLE_PREVIEWS = YES;
				GENERATE_INFOPLIST_FILE = YES;
				INFOPLIST_KEY_UIApplicationSceneManifest_Generation = YES;
				INFOPLIST_KEY_UIApplicationSupportsIndirectInputEvents = YES;
				INFOPLIST_KEY_UILaunchScreen_Generation = YES;
				INFOPLIST_KEY_UISupportedInterfaceOrientations_iPad = "UIInterfaceOrientationPortrait UIInterfaceOrientationPortraitUpsideDown UIInterfaceOrientationLandscapeLeft UIInterfaceOrientationLandscapeRight";
				INFOPLIST_KEY_UISupportedInterfaceOrientations_iPhone = "UIInterfaceOrientationPortrait UIInterfaceOrientationLandscapeLeft UIInterfaceOrientationLandscapeRight";
				LD_RUNPATH_SEARCH_PATHS = (
					"$(inherited)",
					"@executable_path/Frameworks",
				);
				MARKETING_VERSION = 1.0;
				PRODUCT_BUNDLE_IDENTIFIER = "nano-challenge-3";
				PRODUCT_NAME = "$(TARGET_NAME)";
				SWIFT_EMIT_LOC_STRINGS = YES;
				SWIFT_VERSION = 5.0;
				TARGETED_DEVICE_FAMILY = "1,2";
			};
			name = Debug;
		};
		D9EF2BA72C3FE42A009B044A /* Release */ = {
			isa = XCBuildConfiguration;
			buildSettings = {
				ASSETCATALOG_COMPILER_APPICON_NAME = AppIcon;
				ASSETCATALOG_COMPILER_GLOBAL_ACCENT_COLOR_NAME = AccentColor;
				CODE_SIGN_STYLE = Automatic;
				CURRENT_PROJECT_VERSION = 1;
				DEVELOPMENT_ASSET_PATHS = "\"nano-challenge-3/Preview Content\"";
				DEVELOPMENT_TEAM = 8DJ64TD7VC;
				ENABLE_PREVIEWS = YES;
				GENERATE_INFOPLIST_FILE = YES;
				INFOPLIST_KEY_UIApplicationSceneManifest_Generation = YES;
				INFOPLIST_KEY_UIApplicationSupportsIndirectInputEvents = YES;
				INFOPLIST_KEY_UILaunchScreen_Generation = YES;
				INFOPLIST_KEY_UISupportedInterfaceOrientations_iPad = "UIInterfaceOrientationPortrait UIInterfaceOrientationPortraitUpsideDown UIInterfaceOrientationLandscapeLeft UIInterfaceOrientationLandscapeRight";
				INFOPLIST_KEY_UISupportedInterfaceOrientations_iPhone = "UIInterfaceOrientationPortrait UIInterfaceOrientationLandscapeLeft UIInterfaceOrientationLandscapeRight";
				LD_RUNPATH_SEARCH_PATHS = (
					"$(inherited)",
					"@executable_path/Frameworks",
				);
				MARKETING_VERSION = 1.0;
				PRODUCT_BUNDLE_IDENTIFIER = "nano-challenge-3";
				PRODUCT_NAME = "$(TARGET_NAME)";
				SWIFT_EMIT_LOC_STRINGS = YES;
				SWIFT_VERSION = 5.0;
				TARGETED_DEVICE_FAMILY = "1,2";
			};
			name = Release;
		};
/* End XCBuildConfiguration section */

/* Begin XCConfigurationList section */
		D9EF2B922C3FE428009B044A /* Build configuration list for PBXProject "nano-challenge-3" */ = {
			isa = XCConfigurationList;
			buildConfigurations = (
				D9EF2BA32C3FE42A009B044A /* Debug */,
				D9EF2BA42C3FE42A009B044A /* Release */,
			);
			defaultConfigurationIsVisible = 0;
			defaultConfigurationName = Release;
		};
		D9EF2BA52C3FE42A009B044A /* Build configuration list for PBXNativeTarget "nano-challenge-3" */ = {
			isa = XCConfigurationList;
			buildConfigurations = (
				D9EF2BA62C3FE42A009B044A /* Debug */,
				D9EF2BA72C3FE42A009B044A /* Release */,
			);
			defaultConfigurationIsVisible = 0;
			defaultConfigurationName = Release;
		};
/* End XCConfigurationList section */
	};
	rootObject = D9EF2B8F2C3FE428009B044A /* Project object */;
}
