// !$*UTF8*$!
{
	archiveVersion = 1;
	classes = {
	};
	objectVersion = 56;
	objects = {

/* Begin PBXBuildFile section */
		D9E676D82C456B960054A8CC /* sAppConfig.swift in Sources */ = {isa = PBXBuildFile; fileRef = D9E676B32C456B960054A8CC /* sAppConfig.swift */; };
		D9E676D92C456B960054A8CC /* sUIConfig.swift in Sources */ = {isa = PBXBuildFile; fileRef = D9E676B42C456B960054A8CC /* sUIConfig.swift */; };
		D9E676DA2C456B960054A8CC /* fDebug.swift in Sources */ = {isa = PBXBuildFile; fileRef = D9E676B62C456B960054A8CC /* fDebug.swift */; };
		D9E676DB2C456B960054A8CC /* Localizable.xcstrings in Resources */ = {isa = PBXBuildFile; fileRef = D9E676B82C456B960054A8CC /* Localizable.xcstrings */; };
		D9E676DC2C456B960054A8CC /* Colors.xcassets in Resources */ = {isa = PBXBuildFile; fileRef = D9E676B92C456B960054A8CC /* Colors.xcassets */; };
		D9E676DD2C456B960054A8CC /* OnboardingViewModel.swift in Sources */ = {isa = PBXBuildFile; fileRef = D9E676BB2C456B960054A8CC /* OnboardingViewModel.swift */; };
		D9E676DE2C456B960054A8CC /* Data.swift in Sources */ = {isa = PBXBuildFile; fileRef = D9E676BC2C456B960054A8CC /* Data.swift */; };
		D9E676DF2C456B960054A8CC /* Assets.xcassets in Resources */ = {isa = PBXBuildFile; fileRef = D9E676BD2C456B960054A8CC /* Assets.xcassets */; };
		D9E676E02C456B960054A8CC /* sNoteBlockStyle.swift in Sources */ = {isa = PBXBuildFile; fileRef = D9E676C02C456B960054A8CC /* sNoteBlockStyle.swift */; };
		D9E676E12C456B960054A8CC /* cNoteParagraph.swift in Sources */ = {isa = PBXBuildFile; fileRef = D9E676C12C456B960054A8CC /* cNoteParagraph.swift */; };
		D9E676E22C456B960054A8CC /* cItem.swift in Sources */ = {isa = PBXBuildFile; fileRef = D9E676C22C456B960054A8CC /* cItem.swift */; };
		D9E676E32C456B960054A8CC /* sNoteAccessRecord.swift in Sources */ = {isa = PBXBuildFile; fileRef = D9E676C32C456B960054A8CC /* sNoteAccessRecord.swift */; };
		D9E676E42C456B960054A8CC /* sBackgroundForegroundColorSet.swift in Sources */ = {isa = PBXBuildFile; fileRef = D9E676C42C456B960054A8CC /* sBackgroundForegroundColorSet.swift */; };
		D9E676E52C456B960054A8CC /* eNoteBlockPreset.swift in Sources */ = {isa = PBXBuildFile; fileRef = D9E676C52C456B960054A8CC /* eNoteBlockPreset.swift */; };
		D9E676E62C456B960054A8CC /* cNote.swift in Sources */ = {isa = PBXBuildFile; fileRef = D9E676C62C456B960054A8CC /* cNote.swift */; };
		D9E676E72C456B960054A8CC /* cFolder.swift in Sources */ = {isa = PBXBuildFile; fileRef = D9E676C72C456B960054A8CC /* cFolder.swift */; };
		D9E676E82C456B960054A8CC /* Preview Assets.xcassets in Resources */ = {isa = PBXBuildFile; fileRef = D9E676C92C456B960054A8CC /* Preview Assets.xcassets */; };
		D9E676E92C456B960054A8CC /* xLogger.swift in Sources */ = {isa = PBXBuildFile; fileRef = D9E676CB2C456B960054A8CC /* xLogger.swift */; };
		D9E676EA2C456B960054A8CC /* xBundle.swift in Sources */ = {isa = PBXBuildFile; fileRef = D9E676CC2C456B960054A8CC /* xBundle.swift */; };
		D9E676EB2C456B960054A8CC /* xColor.swift in Sources */ = {isa = PBXBuildFile; fileRef = D9E676CD2C456B960054A8CC /* xColor.swift */; };
		D9E676EC2C456B960054A8CC /* OnboardingModel.swift in Sources */ = {isa = PBXBuildFile; fileRef = D9E676CF2C456B960054A8CC /* OnboardingModel.swift */; };
		D9E676ED2C456B960054A8CC /* ChartView.swift in Sources */ = {isa = PBXBuildFile; fileRef = D9E676D12C456B960054A8CC /* ChartView.swift */; };
		D9E676EE2C456B960054A8CC /* OverviewChartView.swift in Sources */ = {isa = PBXBuildFile; fileRef = D9E676D22C456B960054A8CC /* OverviewChartView.swift */; };
		D9E676EF2C456B960054A8CC /* OnboardingView.swift in Sources */ = {isa = PBXBuildFile; fileRef = D9E676D32C456B960054A8CC /* OnboardingView.swift */; };
		D9E676F02C456B960054A8CC /* Utils.swift in Sources */ = {isa = PBXBuildFile; fileRef = D9E676D52C456B960054A8CC /* Utils.swift */; };
		D9E676F12C456B960054A8CC /* ContentView.swift in Sources */ = {isa = PBXBuildFile; fileRef = D9E676D62C456B960054A8CC /* ContentView.swift */; };
		D9E676F22C456B960054A8CC /* nano_challenge_3App.swift in Sources */ = {isa = PBXBuildFile; fileRef = D9E676D72C456B960054A8CC /* nano_challenge_3App.swift */; };
/* End PBXBuildFile section */

/* Begin PBXFileReference section */
		D9E676B32C456B960054A8CC /* sAppConfig.swift */ = {isa = PBXFileReference; fileEncoding = 4; lastKnownFileType = sourcecode.swift; path = sAppConfig.swift; sourceTree = "<group>"; };
		D9E676B42C456B960054A8CC /* sUIConfig.swift */ = {isa = PBXFileReference; fileEncoding = 4; lastKnownFileType = sourcecode.swift; path = sUIConfig.swift; sourceTree = "<group>"; };
		D9E676B62C456B960054A8CC /* fDebug.swift */ = {isa = PBXFileReference; fileEncoding = 4; lastKnownFileType = sourcecode.swift; path = fDebug.swift; sourceTree = "<group>"; };
		D9E676B82C456B960054A8CC /* Localizable.xcstrings */ = {isa = PBXFileReference; fileEncoding = 4; lastKnownFileType = text.json.xcstrings; path = Localizable.xcstrings; sourceTree = "<group>"; };
		D9E676B92C456B960054A8CC /* Colors.xcassets */ = {isa = PBXFileReference; lastKnownFileType = folder.assetcatalog; path = Colors.xcassets; sourceTree = "<group>"; };
		D9E676BB2C456B960054A8CC /* OnboardingViewModel.swift */ = {isa = PBXFileReference; fileEncoding = 4; lastKnownFileType = sourcecode.swift; path = OnboardingViewModel.swift; sourceTree = "<group>"; };
		D9E676BC2C456B960054A8CC /* Data.swift */ = {isa = PBXFileReference; fileEncoding = 4; lastKnownFileType = sourcecode.swift; path = Data.swift; sourceTree = "<group>"; };
		D9E676BD2C456B960054A8CC /* Assets.xcassets */ = {isa = PBXFileReference; lastKnownFileType = folder.assetcatalog; path = Assets.xcassets; sourceTree = "<group>"; };
		D9E676C02C456B960054A8CC /* sNoteBlockStyle.swift */ = {isa = PBXFileReference; fileEncoding = 4; lastKnownFileType = sourcecode.swift; path = sNoteBlockStyle.swift; sourceTree = "<group>"; };
		D9E676C12C456B960054A8CC /* cNoteParagraph.swift */ = {isa = PBXFileReference; fileEncoding = 4; lastKnownFileType = sourcecode.swift; path = cNoteParagraph.swift; sourceTree = "<group>"; };
		D9E676C22C456B960054A8CC /* cItem.swift */ = {isa = PBXFileReference; fileEncoding = 4; lastKnownFileType = sourcecode.swift; path = cItem.swift; sourceTree = "<group>"; };
		D9E676C32C456B960054A8CC /* sNoteAccessRecord.swift */ = {isa = PBXFileReference; fileEncoding = 4; lastKnownFileType = sourcecode.swift; path = sNoteAccessRecord.swift; sourceTree = "<group>"; };
		D9E676C42C456B960054A8CC /* sBackgroundForegroundColorSet.swift */ = {isa = PBXFileReference; fileEncoding = 4; lastKnownFileType = sourcecode.swift; path = sBackgroundForegroundColorSet.swift; sourceTree = "<group>"; };
		D9E676C52C456B960054A8CC /* eNoteBlockPreset.swift */ = {isa = PBXFileReference; fileEncoding = 4; lastKnownFileType = sourcecode.swift; path = eNoteBlockPreset.swift; sourceTree = "<group>"; };
		D9E676C62C456B960054A8CC /* cNote.swift */ = {isa = PBXFileReference; fileEncoding = 4; lastKnownFileType = sourcecode.swift; path = cNote.swift; sourceTree = "<group>"; };
		D9E676C72C456B960054A8CC /* cFolder.swift */ = {isa = PBXFileReference; fileEncoding = 4; lastKnownFileType = sourcecode.swift; path = cFolder.swift; sourceTree = "<group>"; };
		D9E676C92C456B960054A8CC /* Preview Assets.xcassets */ = {isa = PBXFileReference; lastKnownFileType = folder.assetcatalog; path = "Preview Assets.xcassets"; sourceTree = "<group>"; };
		D9E676CB2C456B960054A8CC /* xLogger.swift */ = {isa = PBXFileReference; fileEncoding = 4; lastKnownFileType = sourcecode.swift; path = xLogger.swift; sourceTree = "<group>"; };
		D9E676CC2C456B960054A8CC /* xBundle.swift */ = {isa = PBXFileReference; fileEncoding = 4; lastKnownFileType = sourcecode.swift; path = xBundle.swift; sourceTree = "<group>"; };
		D9E676CD2C456B960054A8CC /* xColor.swift */ = {isa = PBXFileReference; fileEncoding = 4; lastKnownFileType = sourcecode.swift; path = xColor.swift; sourceTree = "<group>"; };
		D9E676CF2C456B960054A8CC /* OnboardingModel.swift */ = {isa = PBXFileReference; fileEncoding = 4; lastKnownFileType = sourcecode.swift; path = OnboardingModel.swift; sourceTree = "<group>"; };
		D9E676D12C456B960054A8CC /* ChartView.swift */ = {isa = PBXFileReference; fileEncoding = 4; lastKnownFileType = sourcecode.swift; path = ChartView.swift; sourceTree = "<group>"; };
		D9E676D22C456B960054A8CC /* OverviewChartView.swift */ = {isa = PBXFileReference; fileEncoding = 4; lastKnownFileType = sourcecode.swift; path = OverviewChartView.swift; sourceTree = "<group>"; };
		D9E676D32C456B960054A8CC /* OnboardingView.swift */ = {isa = PBXFileReference; fileEncoding = 4; lastKnownFileType = sourcecode.swift; path = OnboardingView.swift; sourceTree = "<group>"; };
		D9E676D52C456B960054A8CC /* Utils.swift */ = {isa = PBXFileReference; fileEncoding = 4; lastKnownFileType = sourcecode.swift; path = Utils.swift; sourceTree = "<group>"; };
		D9E676D62C456B960054A8CC /* ContentView.swift */ = {isa = PBXFileReference; fileEncoding = 4; lastKnownFileType = sourcecode.swift; path = ContentView.swift; sourceTree = "<group>"; };
		D9E676D72C456B960054A8CC /* nano_challenge_3App.swift */ = {isa = PBXFileReference; fileEncoding = 4; lastKnownFileType = sourcecode.swift; path = nano_challenge_3App.swift; sourceTree = "<group>"; };
		D9EF2B972C3FE428009B044A /* nano-challenge-3.app */ = {isa = PBXFileReference; explicitFileType = wrapper.application; includeInIndex = 0; path = "nano-challenge-3.app"; sourceTree = BUILT_PRODUCTS_DIR; };
/* End PBXFileReference section */

/* Begin PBXFrameworksBuildPhase section */
		D9EF2B942C3FE428009B044A /* Frameworks */ = {
			isa = PBXFrameworksBuildPhase;
			buildActionMask = 2147483647;
			files = (
			);
			runOnlyForDeploymentPostprocessing = 0;
		};
/* End PBXFrameworksBuildPhase section */

/* Begin PBXGroup section */
		D9E676B02C456B960054A8CC /* nano-challenge-3 */ = {
			isa = PBXGroup;
			children = (
				D9E676B12C456B960054A8CC /* Globals */,
				D9E676BA2C456B960054A8CC /* ViewModel */,
				D9E676BC2C456B960054A8CC /* Data.swift */,
				D9E676BD2C456B960054A8CC /* Assets.xcassets */,
				D9E676BE2C456B960054A8CC /* Models */,
				D9E676C82C456B960054A8CC /* Preview Content */,
				D9E676CA2C456B960054A8CC /* Extensions */,
				D9E676CE2C456B960054A8CC /* Model */,
				D9E676D02C456B960054A8CC /* View */,
				D9E676D42C456B960054A8CC /* New Group */,
				D9E676D52C456B960054A8CC /* Utils.swift */,
				D9E676D62C456B960054A8CC /* ContentView.swift */,
				D9E676D72C456B960054A8CC /* nano_challenge_3App.swift */,
			);
			path = "nano-challenge-3";
			sourceTree = "<group>";
		};
		D9E676B12C456B960054A8CC /* Globals */ = {
			isa = PBXGroup;
			children = (
				D9E676B22C456B960054A8CC /* Configs */,
				D9E676B52C456B960054A8CC /* Functions */,
				D9E676B72C456B960054A8CC /* SupportingFiles */,
			);
			path = Globals;
			sourceTree = "<group>";
		};
		D9E676B22C456B960054A8CC /* Configs */ = {
			isa = PBXGroup;
			children = (
				D9E676B32C456B960054A8CC /* sAppConfig.swift */,
				D9E676B42C456B960054A8CC /* sUIConfig.swift */,
			);
			path = Configs;
			sourceTree = "<group>";
		};
		D9E676B52C456B960054A8CC /* Functions */ = {
			isa = PBXGroup;
			children = (
				D9E676B62C456B960054A8CC /* fDebug.swift */,
			);
			path = Functions;
			sourceTree = "<group>";
		};
		D9E676B72C456B960054A8CC /* SupportingFiles */ = {
			isa = PBXGroup;
			children = (
				D9E676B82C456B960054A8CC /* Localizable.xcstrings */,
				D9E676B92C456B960054A8CC /* Colors.xcassets */,
			);
			path = SupportingFiles;
			sourceTree = "<group>";
		};
		D9E676BA2C456B960054A8CC /* ViewModel */ = {
			isa = PBXGroup;
			children = (
				D9E676BB2C456B960054A8CC /* OnboardingViewModel.swift */,
			);
			path = ViewModel;
			sourceTree = "<group>";
		};
		D9E676BE2C456B960054A8CC /* Models */ = {
			isa = PBXGroup;
			children = (
				D9E676BF2C456B960054A8CC /* NonVisible */,
			);
			path = Models;
			sourceTree = "<group>";
		};
		D9E676BF2C456B960054A8CC /* NonVisible */ = {
			isa = PBXGroup;
			children = (
				D9E676C02C456B960054A8CC /* sNoteBlockStyle.swift */,
				D9E676C12C456B960054A8CC /* cNoteParagraph.swift */,
				D9E676C22C456B960054A8CC /* cItem.swift */,
				D9E676C32C456B960054A8CC /* sNoteAccessRecord.swift */,
				D9E676C42C456B960054A8CC /* sBackgroundForegroundColorSet.swift */,
				D9E676C52C456B960054A8CC /* eNoteBlockPreset.swift */,
				D9E676C62C456B960054A8CC /* cNote.swift */,
				D9E676C72C456B960054A8CC /* cFolder.swift */,
			);
			path = NonVisible;
			sourceTree = "<group>";
		};
		D9E676C82C456B960054A8CC /* Preview Content */ = {
			isa = PBXGroup;
			children = (
				D9E676C92C456B960054A8CC /* Preview Assets.xcassets */,
			);
			path = "Preview Content";
			sourceTree = "<group>";
		};
		D9E676CA2C456B960054A8CC /* Extensions */ = {
			isa = PBXGroup;
			children = (
				D9E676CB2C456B960054A8CC /* xLogger.swift */,
				D9E676CC2C456B960054A8CC /* xBundle.swift */,
				D9E676CD2C456B960054A8CC /* xColor.swift */,
			);
			path = Extensions;
			sourceTree = "<group>";
		};
		D9E676CE2C456B960054A8CC /* Model */ = {
			isa = PBXGroup;
			children = (
				D9E676CF2C456B960054A8CC /* OnboardingModel.swift */,
			);
			path = Model;
			sourceTree = "<group>";
		};
		D9E676D02C456B960054A8CC /* View */ = {
			isa = PBXGroup;
			children = (
				D9E676D12C456B960054A8CC /* ChartView.swift */,
				D9E676D22C456B960054A8CC /* OverviewChartView.swift */,
				D9E676D32C456B960054A8CC /* OnboardingView.swift */,
			);
			path = View;
			sourceTree = "<group>";
		};
		D9E676D42C456B960054A8CC /* New Group */ = {
			isa = PBXGroup;
			children = (
			);
			path = "New Group";
			sourceTree = "<group>";
		};
		D9EF2B8E2C3FE428009B044A = {
			isa = PBXGroup;
			children = (
				D9E676B02C456B960054A8CC /* nano-challenge-3 */,
				D9EF2B982C3FE428009B044A /* Products */,
			);
			sourceTree = "<group>";
		};
		D9EF2B982C3FE428009B044A /* Products */ = {
			isa = PBXGroup;
			children = (
				D9EF2B972C3FE428009B044A /* nano-challenge-3.app */,
			);
			name = Products;
			sourceTree = "<group>";
		};
/* End PBXGroup section */

/* Begin PBXNativeTarget section */
		D9EF2B962C3FE428009B044A /* nano-challenge-3 */ = {
			isa = PBXNativeTarget;
			buildConfigurationList = D9EF2BA52C3FE42A009B044A /* Build configuration list for PBXNativeTarget "nano-challenge-3" */;
			buildPhases = (
				D9EF2B932C3FE428009B044A /* Sources */,
				D9EF2B942C3FE428009B044A /* Frameworks */,
				D9EF2B952C3FE428009B044A /* Resources */,
			);
			buildRules = (
			);
			dependencies = (
			);
			name = "nano-challenge-3";
			productName = "nano-challenge-3";
			productReference = D9EF2B972C3FE428009B044A /* nano-challenge-3.app */;
			productType = "com.apple.product-type.application";
		};
/* End PBXNativeTarget section */

/* Begin PBXProject section */
		D9EF2B8F2C3FE428009B044A /* Project object */ = {
			isa = PBXProject;
			attributes = {
				BuildIndependentTargetsInParallel = 1;
				LastSwiftUpdateCheck = 1520;
				LastUpgradeCheck = 1520;
				TargetAttributes = {
					D9EF2B962C3FE428009B044A = {
						CreatedOnToolsVersion = 15.2;
					};
				};
			};
			buildConfigurationList = D9EF2B922C3FE428009B044A /* Build configuration list for PBXProject "nano-challenge-3" */;
			compatibilityVersion = "Xcode 14.0";
			developmentRegion = en;
			hasScannedForEncodings = 0;
			knownRegions = (
				en,
				Base,
			);
			mainGroup = D9EF2B8E2C3FE428009B044A;
			productRefGroup = D9EF2B982C3FE428009B044A /* Products */;
			projectDirPath = "";
			projectRoot = "";
			targets = (
				D9EF2B962C3FE428009B044A /* nano-challenge-3 */,
			);
		};
/* End PBXProject section */

/* Begin PBXResourcesBuildPhase section */
		D9EF2B952C3FE428009B044A /* Resources */ = {
			isa = PBXResourcesBuildPhase;
			buildActionMask = 2147483647;
			files = (
				D9E676DC2C456B960054A8CC /* Colors.xcassets in Resources */,
				D9E676DB2C456B960054A8CC /* Localizable.xcstrings in Resources */,
				D9E676E82C456B960054A8CC /* Preview Assets.xcassets in Resources */,
				D9E676DF2C456B960054A8CC /* Assets.xcassets in Resources */,
			);
			runOnlyForDeploymentPostprocessing = 0;
		};
/* End PBXResourcesBuildPhase section */

/* Begin PBXSourcesBuildPhase section */
		D9EF2B932C3FE428009B044A /* Sources */ = {
			isa = PBXSourcesBuildPhase;
			buildActionMask = 2147483647;
			files = (
				D9E676E62C456B960054A8CC /* cNote.swift in Sources */,
				D9E676ED2C456B960054A8CC /* ChartView.swift in Sources */,
				D9E676E22C456B960054A8CC /* cItem.swift in Sources */,
				D9E676E52C456B960054A8CC /* eNoteBlockPreset.swift in Sources */,
				D9E676D82C456B960054A8CC /* sAppConfig.swift in Sources */,
				D9E676E42C456B960054A8CC /* sBackgroundForegroundColorSet.swift in Sources */,
				D9E676D92C456B960054A8CC /* sUIConfig.swift in Sources */,
				D9E676F02C456B960054A8CC /* Utils.swift in Sources */,
				D9E676E92C456B960054A8CC /* xLogger.swift in Sources */,
				D9E676F22C456B960054A8CC /* nano_challenge_3App.swift in Sources */,
				D9E676E12C456B960054A8CC /* cNoteParagraph.swift in Sources */,
				D9E676E72C456B960054A8CC /* cFolder.swift in Sources */,
				D9E676F12C456B960054A8CC /* ContentView.swift in Sources */,
				D9E676DE2C456B960054A8CC /* Data.swift in Sources */,
				D9E676E32C456B960054A8CC /* sNoteAccessRecord.swift in Sources */,
				D9E676E02C456B960054A8CC /* sNoteBlockStyle.swift in Sources */,
				D9E676EF2C456B960054A8CC /* OnboardingView.swift in Sources */,
				D9E676EA2C456B960054A8CC /* xBundle.swift in Sources */,
				D9E676EB2C456B960054A8CC /* xColor.swift in Sources */,
				D9E676DA2C456B960054A8CC /* fDebug.swift in Sources */,
				D9E676EE2C456B960054A8CC /* OverviewChartView.swift in Sources */,
				D9E676DD2C456B960054A8CC /* OnboardingViewModel.swift in Sources */,
				D9E676EC2C456B960054A8CC /* OnboardingModel.swift in Sources */,
			);
			runOnlyForDeploymentPostprocessing = 0;
		};
/* End PBXSourcesBuildPhase section */

/* Begin XCBuildConfiguration section */
		D9EF2BA32C3FE42A009B044A /* Debug */ = {
			isa = XCBuildConfiguration;
			buildSettings = {
				ALWAYS_SEARCH_USER_PATHS = NO;
				ASSETCATALOG_COMPILER_GENERATE_SWIFT_ASSET_SYMBOL_EXTENSIONS = YES;
				CLANG_ANALYZER_NONNULL = YES;
				CLANG_ANALYZER_NUMBER_OBJECT_CONVERSION = YES_AGGRESSIVE;
				CLANG_CXX_LANGUAGE_STANDARD = "gnu++20";
				CLANG_ENABLE_MODULES = YES;
				CLANG_ENABLE_OBJC_ARC = YES;
				CLANG_ENABLE_OBJC_WEAK = YES;
				CLANG_WARN_BLOCK_CAPTURE_AUTORELEASING = YES;
				CLANG_WARN_BOOL_CONVERSION = YES;
				CLANG_WARN_COMMA = YES;
				CLANG_WARN_CONSTANT_CONVERSION = YES;
				CLANG_WARN_DEPRECATED_OBJC_IMPLEMENTATIONS = YES;
				CLANG_WARN_DIRECT_OBJC_ISA_USAGE = YES_ERROR;
				CLANG_WARN_DOCUMENTATION_COMMENTS = YES;
				CLANG_WARN_EMPTY_BODY = YES;
				CLANG_WARN_ENUM_CONVERSION = YES;
				CLANG_WARN_INFINITE_RECURSION = YES;
				CLANG_WARN_INT_CONVERSION = YES;
				CLANG_WARN_NON_LITERAL_NULL_CONVERSION = YES;
				CLANG_WARN_OBJC_IMPLICIT_RETAIN_SELF = YES;
				CLANG_WARN_OBJC_LITERAL_CONVERSION = YES;
				CLANG_WARN_OBJC_ROOT_CLASS = YES_ERROR;
				CLANG_WARN_QUOTED_INCLUDE_IN_FRAMEWORK_HEADER = YES;
				CLANG_WARN_RANGE_LOOP_ANALYSIS = YES;
				CLANG_WARN_STRICT_PROTOTYPES = YES;
				CLANG_WARN_SUSPICIOUS_MOVE = YES;
				CLANG_WARN_UNGUARDED_AVAILABILITY = YES_AGGRESSIVE;
				CLANG_WARN_UNREACHABLE_CODE = YES;
				CLANG_WARN__DUPLICATE_METHOD_MATCH = YES;
				COPY_PHASE_STRIP = NO;
				DEBUG_INFORMATION_FORMAT = dwarf;
				ENABLE_STRICT_OBJC_MSGSEND = YES;
				ENABLE_TESTABILITY = YES;
				ENABLE_USER_SCRIPT_SANDBOXING = YES;
				GCC_C_LANGUAGE_STANDARD = gnu17;
				GCC_DYNAMIC_NO_PIC = NO;
				GCC_NO_COMMON_BLOCKS = YES;
				GCC_OPTIMIZATION_LEVEL = 0;
				GCC_PREPROCESSOR_DEFINITIONS = (
					"DEBUG=1",
					"$(inherited)",
				);
				GCC_WARN_64_TO_32_BIT_CONVERSION = YES;
				GCC_WARN_ABOUT_RETURN_TYPE = YES_ERROR;
				GCC_WARN_UNDECLARED_SELECTOR = YES;
				GCC_WARN_UNINITIALIZED_AUTOS = YES_AGGRESSIVE;
				GCC_WARN_UNUSED_FUNCTION = YES;
				GCC_WARN_UNUSED_VARIABLE = YES;
				IPHONEOS_DEPLOYMENT_TARGET = 17.2;
				LOCALIZATION_PREFERS_STRING_CATALOGS = YES;
				MTL_ENABLE_DEBUG_INFO = INCLUDE_SOURCE;
				MTL_FAST_MATH = YES;
				ONLY_ACTIVE_ARCH = YES;
				SDKROOT = iphoneos;
				SWIFT_ACTIVE_COMPILATION_CONDITIONS = "DEBUG $(inherited)";
				SWIFT_OPTIMIZATION_LEVEL = "-Onone";
			};
			name = Debug;
		};
		D9EF2BA42C3FE42A009B044A /* Release */ = {
			isa = XCBuildConfiguration;
			buildSettings = {
				ALWAYS_SEARCH_USER_PATHS = NO;
				ASSETCATALOG_COMPILER_GENERATE_SWIFT_ASSET_SYMBOL_EXTENSIONS = YES;
				CLANG_ANALYZER_NONNULL = YES;
				CLANG_ANALYZER_NUMBER_OBJECT_CONVERSION = YES_AGGRESSIVE;
				CLANG_CXX_LANGUAGE_STANDARD = "gnu++20";
				CLANG_ENABLE_MODULES = YES;
				CLANG_ENABLE_OBJC_ARC = YES;
				CLANG_ENABLE_OBJC_WEAK = YES;
				CLANG_WARN_BLOCK_CAPTURE_AUTORELEASING = YES;
				CLANG_WARN_BOOL_CONVERSION = YES;
				CLANG_WARN_COMMA = YES;
				CLANG_WARN_CONSTANT_CONVERSION = YES;
				CLANG_WARN_DEPRECATED_OBJC_IMPLEMENTATIONS = YES;
				CLANG_WARN_DIRECT_OBJC_ISA_USAGE = YES_ERROR;
				CLANG_WARN_DOCUMENTATION_COMMENTS = YES;
				CLANG_WARN_EMPTY_BODY = YES;
				CLANG_WARN_ENUM_CONVERSION = YES;
				CLANG_WARN_INFINITE_RECURSION = YES;
				CLANG_WARN_INT_CONVERSION = YES;
				CLANG_WARN_NON_LITERAL_NULL_CONVERSION = YES;
				CLANG_WARN_OBJC_IMPLICIT_RETAIN_SELF = YES;
				CLANG_WARN_OBJC_LITERAL_CONVERSION = YES;
				CLANG_WARN_OBJC_ROOT_CLASS = YES_ERROR;
				CLANG_WARN_QUOTED_INCLUDE_IN_FRAMEWORK_HEADER = YES;
				CLANG_WARN_RANGE_LOOP_ANALYSIS = YES;
				CLANG_WARN_STRICT_PROTOTYPES = YES;
				CLANG_WARN_SUSPICIOUS_MOVE = YES;
				CLANG_WARN_UNGUARDED_AVAILABILITY = YES_AGGRESSIVE;
				CLANG_WARN_UNREACHABLE_CODE = YES;
				CLANG_WARN__DUPLICATE_METHOD_MATCH = YES;
				COPY_PHASE_STRIP = NO;
				DEBUG_INFORMATION_FORMAT = "dwarf-with-dsym";
				ENABLE_NS_ASSERTIONS = NO;
				ENABLE_STRICT_OBJC_MSGSEND = YES;
				ENABLE_USER_SCRIPT_SANDBOXING = YES;
				GCC_C_LANGUAGE_STANDARD = gnu17;
				GCC_NO_COMMON_BLOCKS = YES;
				GCC_WARN_64_TO_32_BIT_CONVERSION = YES;
				GCC_WARN_ABOUT_RETURN_TYPE = YES_ERROR;
				GCC_WARN_UNDECLARED_SELECTOR = YES;
				GCC_WARN_UNINITIALIZED_AUTOS = YES_AGGRESSIVE;
				GCC_WARN_UNUSED_FUNCTION = YES;
				GCC_WARN_UNUSED_VARIABLE = YES;
				IPHONEOS_DEPLOYMENT_TARGET = 17.2;
				LOCALIZATION_PREFERS_STRING_CATALOGS = YES;
				MTL_ENABLE_DEBUG_INFO = NO;
				MTL_FAST_MATH = YES;
				SDKROOT = iphoneos;
				SWIFT_COMPILATION_MODE = wholemodule;
				VALIDATE_PRODUCT = YES;
			};
			name = Release;
		};
		D9EF2BA62C3FE42A009B044A /* Debug */ = {
			isa = XCBuildConfiguration;
			buildSettings = {
				ASSETCATALOG_COMPILER_APPICON_NAME = AppIcon;
				ASSETCATALOG_COMPILER_GLOBAL_ACCENT_COLOR_NAME = AccentColor;
				CODE_SIGN_STYLE = Automatic;
				CURRENT_PROJECT_VERSION = 1;
				DEVELOPMENT_ASSET_PATHS = "\"nano-challenge-3/Preview Content\"";
				DEVELOPMENT_TEAM = 7Z75T55G26;
				ENABLE_PREVIEWS = YES;
				GENERATE_INFOPLIST_FILE = YES;
				INFOPLIST_KEY_UIApplicationSceneManifest_Generation = YES;
				INFOPLIST_KEY_UIApplicationSupportsIndirectInputEvents = YES;
				INFOPLIST_KEY_UILaunchScreen_Generation = YES;
				INFOPLIST_KEY_UISupportedInterfaceOrientations_iPad = "UIInterfaceOrientationPortrait UIInterfaceOrientationPortraitUpsideDown UIInterfaceOrientationLandscapeLeft UIInterfaceOrientationLandscapeRight";
				INFOPLIST_KEY_UISupportedInterfaceOrientations_iPhone = "UIInterfaceOrientationPortrait UIInterfaceOrientationLandscapeLeft UIInterfaceOrientationLandscapeRight";
				LD_RUNPATH_SEARCH_PATHS = (
					"$(inherited)",
					"@executable_path/Frameworks",
				);
				MARKETING_VERSION = 1.0;
				PRODUCT_BUNDLE_IDENTIFIER = "com.apple.nano-challenge-31";
				PRODUCT_NAME = "$(TARGET_NAME)";
				SWIFT_EMIT_LOC_STRINGS = YES;
				SWIFT_VERSION = 5.0;
				TARGETED_DEVICE_FAMILY = "1,2";
			};
			name = Debug;
		};
		D9EF2BA72C3FE42A009B044A /* Release */ = {
			isa = XCBuildConfiguration;
			buildSettings = {
				ASSETCATALOG_COMPILER_APPICON_NAME = AppIcon;
				ASSETCATALOG_COMPILER_GLOBAL_ACCENT_COLOR_NAME = AccentColor;
				CODE_SIGN_STYLE = Automatic;
				CURRENT_PROJECT_VERSION = 1;
				DEVELOPMENT_ASSET_PATHS = "\"nano-challenge-3/Preview Content\"";
				DEVELOPMENT_TEAM = 7Z75T55G26;
				ENABLE_PREVIEWS = YES;
				GENERATE_INFOPLIST_FILE = YES;
				INFOPLIST_KEY_UIApplicationSceneManifest_Generation = YES;
				INFOPLIST_KEY_UIApplicationSupportsIndirectInputEvents = YES;
				INFOPLIST_KEY_UILaunchScreen_Generation = YES;
				INFOPLIST_KEY_UISupportedInterfaceOrientations_iPad = "UIInterfaceOrientationPortrait UIInterfaceOrientationPortraitUpsideDown UIInterfaceOrientationLandscapeLeft UIInterfaceOrientationLandscapeRight";
				INFOPLIST_KEY_UISupportedInterfaceOrientations_iPhone = "UIInterfaceOrientationPortrait UIInterfaceOrientationLandscapeLeft UIInterfaceOrientationLandscapeRight";
				LD_RUNPATH_SEARCH_PATHS = (
					"$(inherited)",
					"@executable_path/Frameworks",
				);
				MARKETING_VERSION = 1.0;
				PRODUCT_BUNDLE_IDENTIFIER = "com.apple.nano-challenge-31";
				PRODUCT_NAME = "$(TARGET_NAME)";
				SWIFT_EMIT_LOC_STRINGS = YES;
				SWIFT_VERSION = 5.0;
				TARGETED_DEVICE_FAMILY = "1,2";
			};
			name = Release;
		};
/* End XCBuildConfiguration section */

/* Begin XCConfigurationList section */
		D9EF2B922C3FE428009B044A /* Build configuration list for PBXProject "nano-challenge-3" */ = {
			isa = XCConfigurationList;
			buildConfigurations = (
				D9EF2BA32C3FE42A009B044A /* Debug */,
				D9EF2BA42C3FE42A009B044A /* Release */,
			);
			defaultConfigurationIsVisible = 0;
			defaultConfigurationName = Release;
		};
		D9EF2BA52C3FE42A009B044A /* Build configuration list for PBXNativeTarget "nano-challenge-3" */ = {
			isa = XCConfigurationList;
			buildConfigurations = (
				D9EF2BA62C3FE42A009B044A /* Debug */,
				D9EF2BA72C3FE42A009B044A /* Release */,
			);
			defaultConfigurationIsVisible = 0;
			defaultConfigurationName = Release;
		};
/* End XCConfigurationList section */
	};
	rootObject = D9EF2B8F2C3FE428009B044A /* Project object */;
}
